// !$*UTF8*$!
{
	archiveVersion = 1;
	classes = {
	};
	objectVersion = 48;
	objects = {

/* Begin PBXBuildFile section */
		4112FCD1203C019300701FDF /* AppDelegate.swift in Sources */ = {isa = PBXBuildFile; fileRef = 4112FCD0203C019300701FDF /* AppDelegate.swift */; };
		4112FCD3203C019300701FDF /* ViewController.swift in Sources */ = {isa = PBXBuildFile; fileRef = 4112FCD2203C019300701FDF /* ViewController.swift */; };
		4112FCD6203C019300701FDF /* Main.storyboard in Resources */ = {isa = PBXBuildFile; fileRef = 4112FCD4203C019300701FDF /* Main.storyboard */; };
		4112FCD8203C019300701FDF /* Assets.xcassets in Resources */ = {isa = PBXBuildFile; fileRef = 4112FCD7203C019300701FDF /* Assets.xcassets */; };
		4112FCDB203C019300701FDF /* LaunchScreen.storyboard in Resources */ = {isa = PBXBuildFile; fileRef = 4112FCD9203C019300701FDF /* LaunchScreen.storyboard */; };
		4112FCE5203C478500701FDF /* TabViewController.swift in Sources */ = {isa = PBXBuildFile; fileRef = 4112FCE4203C478500701FDF /* TabViewController.swift */; };
		4112FCE7203C581C00701FDF /* firstViewController.swift in Sources */ = {isa = PBXBuildFile; fileRef = 4112FCE6203C581C00701FDF /* firstViewController.swift */; };
		4112FCE9203C582800701FDF /* secondViewController.swift in Sources */ = {isa = PBXBuildFile; fileRef = 4112FCE8203C582800701FDF /* secondViewController.swift */; };
		4112FCEB203D3FD800701FDF /* VariableCellTableViewController.swift in Sources */ = {isa = PBXBuildFile; fileRef = 4112FCEA203D3FD800701FDF /* VariableCellTableViewController.swift */; };
		4112FCED203D46DD00701FDF /* CustomItemCell.swift in Sources */ = {isa = PBXBuildFile; fileRef = 4112FCEC203D46DD00701FDF /* CustomItemCell.swift */; };
		41FB757A203D9F2A005AAEEB /* SegueViewController.swift in Sources */ = {isa = PBXBuildFile; fileRef = 41FB7579203D9F2A005AAEEB /* SegueViewController.swift */; };
		41FB7582203DB22F005AAEEB /* PopUpViewController.swift in Sources */ = {isa = PBXBuildFile; fileRef = 41FB7581203DB22F005AAEEB /* PopUpViewController.swift */; };
		41FB7584203DB9E3005AAEEB /* OrphanViewController.swift in Sources */ = {isa = PBXBuildFile; fileRef = 41FB7583203DB9E3005AAEEB /* OrphanViewController.swift */; };
/* End PBXBuildFile section */

/* Begin PBXFileReference section */
		4112FCCD203C019300701FDF /* AllUI.app */ = {isa = PBXFileReference; explicitFileType = wrapper.application; includeInIndex = 0; path = AllUI.app; sourceTree = BUILT_PRODUCTS_DIR; };
		4112FCD0203C019300701FDF /* AppDelegate.swift */ = {isa = PBXFileReference; lastKnownFileType = sourcecode.swift; path = AppDelegate.swift; sourceTree = "<group>"; };
		4112FCD2203C019300701FDF /* ViewController.swift */ = {isa = PBXFileReference; lastKnownFileType = sourcecode.swift; path = ViewController.swift; sourceTree = "<group>"; };
		4112FCD5203C019300701FDF /* Base */ = {isa = PBXFileReference; lastKnownFileType = file.storyboard; name = Base; path = Base.lproj/Main.storyboard; sourceTree = "<group>"; };
		4112FCD7203C019300701FDF /* Assets.xcassets */ = {isa = PBXFileReference; lastKnownFileType = folder.assetcatalog; path = Assets.xcassets; sourceTree = "<group>"; };
		4112FCDA203C019300701FDF /* Base */ = {isa = PBXFileReference; lastKnownFileType = file.storyboard; name = Base; path = Base.lproj/LaunchScreen.storyboard; sourceTree = "<group>"; };
		4112FCDC203C019300701FDF /* Info.plist */ = {isa = PBXFileReference; lastKnownFileType = text.plist.xml; path = Info.plist; sourceTree = "<group>"; };
		4112FCE4203C478500701FDF /* TabViewController.swift */ = {isa = PBXFileReference; lastKnownFileType = sourcecode.swift; path = TabViewController.swift; sourceTree = "<group>"; };
		4112FCE6203C581C00701FDF /* firstViewController.swift */ = {isa = PBXFileReference; lastKnownFileType = sourcecode.swift; path = firstViewController.swift; sourceTree = "<group>"; };
		4112FCE8203C582800701FDF /* secondViewController.swift */ = {isa = PBXFileReference; lastKnownFileType = sourcecode.swift; path = secondViewController.swift; sourceTree = "<group>"; };
		4112FCEA203D3FD800701FDF /* VariableCellTableViewController.swift */ = {isa = PBXFileReference; lastKnownFileType = sourcecode.swift; path = VariableCellTableViewController.swift; sourceTree = "<group>"; };
		4112FCEC203D46DD00701FDF /* CustomItemCell.swift */ = {isa = PBXFileReference; lastKnownFileType = sourcecode.swift; path = CustomItemCell.swift; sourceTree = "<group>"; };
		41FB7579203D9F2A005AAEEB /* SegueViewController.swift */ = {isa = PBXFileReference; lastKnownFileType = sourcecode.swift; path = SegueViewController.swift; sourceTree = "<group>"; };
		41FB7581203DB22F005AAEEB /* PopUpViewController.swift */ = {isa = PBXFileReference; lastKnownFileType = sourcecode.swift; path = PopUpViewController.swift; sourceTree = "<group>"; };
		41FB7583203DB9E3005AAEEB /* OrphanViewController.swift */ = {isa = PBXFileReference; lastKnownFileType = sourcecode.swift; path = OrphanViewController.swift; sourceTree = "<group>"; };
/* End PBXFileReference section */

/* Begin PBXFrameworksBuildPhase section */
		4112FCCA203C019300701FDF /* Frameworks */ = {
			isa = PBXFrameworksBuildPhase;
			buildActionMask = 2147483647;
			files = (
			);
			runOnlyForDeploymentPostprocessing = 0;
		};
/* End PBXFrameworksBuildPhase section */

/* Begin PBXGroup section */
		4112FCC4203C019300701FDF = {
			isa = PBXGroup;
			children = (
				4112FCCF203C019300701FDF /* AllUI */,
				4112FCCE203C019300701FDF /* Products */,
			);
			sourceTree = "<group>";
		};
		4112FCCE203C019300701FDF /* Products */ = {
			isa = PBXGroup;
			children = (
				4112FCCD203C019300701FDF /* AllUI.app */,
			);
			name = Products;
			sourceTree = "<group>";
		};
		4112FCCF203C019300701FDF /* AllUI */ = {
			isa = PBXGroup;
			children = (
				4112FCD0203C019300701FDF /* AppDelegate.swift */,
				4112FCEF203D525800701FDF /* Views */,
				4112FCEE203D522A00701FDF /* Controllers */,
				4112FCF0203D528300701FDF /* Supporting Files */,
				4112FCDC203C019300701FDF /* Info.plist */,
			);
			path = AllUI;
			sourceTree = "<group>";
		};
		4112FCEE203D522A00701FDF /* Controllers */ = {
			isa = PBXGroup;
			children = (
				4112FCD2203C019300701FDF /* ViewController.swift */,
				4112FCE4203C478500701FDF /* TabViewController.swift */,
				4112FCE6203C581C00701FDF /* firstViewController.swift */,
				4112FCE8203C582800701FDF /* secondViewController.swift */,
				4112FCEA203D3FD800701FDF /* VariableCellTableViewController.swift */,
				41FB7579203D9F2A005AAEEB /* SegueViewController.swift */,
				41FB7581203DB22F005AAEEB /* PopUpViewController.swift */,
				41FB7583203DB9E3005AAEEB /* OrphanViewController.swift */,
			);
			path = Controllers;
			sourceTree = "<group>";
		};
		4112FCEF203D525800701FDF /* Views */ = {
			isa = PBXGroup;
			children = (
				4112FCEC203D46DD00701FDF /* CustomItemCell.swift */,
				4112FCD4203C019300701FDF /* Main.storyboard */,
				4112FCD9203C019300701FDF /* LaunchScreen.storyboard */,
			);
			path = Views;
			sourceTree = "<group>";
		};
		4112FCF0203D528300701FDF /* Supporting Files */ = {
			isa = PBXGroup;
			children = (
				4112FCD7203C019300701FDF /* Assets.xcassets */,
			);
			path = "Supporting Files";
			sourceTree = "<group>";
		};
/* End PBXGroup section */

/* Begin PBXNativeTarget section */
		4112FCCC203C019300701FDF /* AllUI */ = {
			isa = PBXNativeTarget;
			buildConfigurationList = 4112FCDF203C019300701FDF /* Build configuration list for PBXNativeTarget "AllUI" */;
			buildPhases = (
				4112FCC9203C019300701FDF /* Sources */,
				4112FCCA203C019300701FDF /* Frameworks */,
				4112FCCB203C019300701FDF /* Resources */,
			);
			buildRules = (
			);
			dependencies = (
			);
			name = AllUI;
			productName = AllUI;
			productReference = 4112FCCD203C019300701FDF /* AllUI.app */;
			productType = "com.apple.product-type.application";
		};
/* End PBXNativeTarget section */

/* Begin PBXProject section */
		4112FCC5203C019300701FDF /* Project object */ = {
			isa = PBXProject;
			attributes = {
				LastSwiftUpdateCheck = 0920;
				LastUpgradeCheck = 0920;
				ORGANIZATIONNAME = "Ravi Tripathi";
				TargetAttributes = {
					4112FCCC203C019300701FDF = {
						CreatedOnToolsVersion = 9.2;
						ProvisioningStyle = Automatic;
					};
				};
			};
			buildConfigurationList = 4112FCC8203C019300701FDF /* Build configuration list for PBXProject "AllUI" */;
			compatibilityVersion = "Xcode 8.0";
			developmentRegion = en;
			hasScannedForEncodings = 0;
			knownRegions = (
				en,
				Base,
			);
			mainGroup = 4112FCC4203C019300701FDF;
			productRefGroup = 4112FCCE203C019300701FDF /* Products */;
			projectDirPath = "";
			projectRoot = "";
			targets = (
				4112FCCC203C019300701FDF /* AllUI */,
			);
		};
/* End PBXProject section */

/* Begin PBXResourcesBuildPhase section */
		4112FCCB203C019300701FDF /* Resources */ = {
			isa = PBXResourcesBuildPhase;
			buildActionMask = 2147483647;
			files = (
				4112FCDB203C019300701FDF /* LaunchScreen.storyboard in Resources */,
				4112FCD8203C019300701FDF /* Assets.xcassets in Resources */,
				4112FCD6203C019300701FDF /* Main.storyboard in Resources */,
			);
			runOnlyForDeploymentPostprocessing = 0;
		};
/* End PBXResourcesBuildPhase section */

/* Begin PBXSourcesBuildPhase section */
		4112FCC9203C019300701FDF /* Sources */ = {
			isa = PBXSourcesBuildPhase;
			buildActionMask = 2147483647;
			files = (
				4112FCED203D46DD00701FDF /* CustomItemCell.swift in Sources */,
				4112FCE5203C478500701FDF /* TabViewController.swift in Sources */,
				4112FCEB203D3FD800701FDF /* VariableCellTableViewController.swift in Sources */,
				4112FCD3203C019300701FDF /* ViewController.swift in Sources */,
				41FB757A203D9F2A005AAEEB /* SegueViewController.swift in Sources */,
				4112FCD1203C019300701FDF /* AppDelegate.swift in Sources */,
				4112FCE9203C582800701FDF /* secondViewController.swift in Sources */,
				41FB7582203DB22F005AAEEB /* PopUpViewController.swift in Sources */,
				41FB7584203DB9E3005AAEEB /* OrphanViewController.swift in Sources */,
				4112FCE7203C581C00701FDF /* firstViewController.swift in Sources */,
			);
			runOnlyForDeploymentPostprocessing = 0;
		};
/* End PBXSourcesBuildPhase section */

/* Begin PBXVariantGroup section */
		4112FCD4203C019300701FDF /* Main.storyboard */ = {
			isa = PBXVariantGroup;
			children = (
				4112FCD5203C019300701FDF /* Base */,
			);
			name = Main.storyboard;
			sourceTree = "<group>";
		};
		4112FCD9203C019300701FDF /* LaunchScreen.storyboard */ = {
			isa = PBXVariantGroup;
			children = (
				4112FCDA203C019300701FDF /* Base */,
			);
			name = LaunchScreen.storyboard;
			sourceTree = "<group>";
		};
/* End PBXVariantGroup section */

/* Begin XCBuildConfiguration section */
		4112FCDD203C019300701FDF /* Debug */ = {
			isa = XCBuildConfiguration;
			buildSettings = {
				ALWAYS_SEARCH_USER_PATHS = NO;
				CLANG_ANALYZER_NONNULL = YES;
				CLANG_ANALYZER_NUMBER_OBJECT_CONVERSION = YES_AGGRESSIVE;
				CLANG_CXX_LANGUAGE_STANDARD = "gnu++14";
				CLANG_CXX_LIBRARY = "libc++";
				CLANG_ENABLE_MODULES = YES;
				CLANG_ENABLE_OBJC_ARC = YES;
				CLANG_WARN_BLOCK_CAPTURE_AUTORELEASING = YES;
				CLANG_WARN_BOOL_CONVERSION = YES;
				CLANG_WARN_COMMA = YES;
				CLANG_WARN_CONSTANT_CONVERSION = YES;
				CLANG_WARN_DIRECT_OBJC_ISA_USAGE = YES_ERROR;
				CLANG_WARN_DOCUMENTATION_COMMENTS = YES;
				CLANG_WARN_EMPTY_BODY = YES;
				CLANG_WARN_ENUM_CONVERSION = YES;
				CLANG_WARN_INFINITE_RECURSION = YES;
				CLANG_WARN_INT_CONVERSION = YES;
				CLANG_WARN_NON_LITERAL_NULL_CONVERSION = YES;
				CLANG_WARN_OBJC_LITERAL_CONVERSION = YES;
				CLANG_WARN_OBJC_ROOT_CLASS = YES_ERROR;
				CLANG_WARN_RANGE_LOOP_ANALYSIS = YES;
				CLANG_WARN_STRICT_PROTOTYPES = YES;
				CLANG_WARN_SUSPICIOUS_MOVE = YES;
				CLANG_WARN_UNGUARDED_AVAILABILITY = YES_AGGRESSIVE;
				CLANG_WARN_UNREACHABLE_CODE = YES;
				CLANG_WARN__DUPLICATE_METHOD_MATCH = YES;
				CODE_SIGN_IDENTITY = "iPhone Developer";
				COPY_PHASE_STRIP = NO;
				DEBUG_INFORMATION_FORMAT = dwarf;
				ENABLE_STRICT_OBJC_MSGSEND = YES;
				ENABLE_TESTABILITY = YES;
				GCC_C_LANGUAGE_STANDARD = gnu11;
				GCC_DYNAMIC_NO_PIC = NO;
				GCC_NO_COMMON_BLOCKS = YES;
				GCC_OPTIMIZATION_LEVEL = 0;
				GCC_PREPROCESSOR_DEFINITIONS = (
					"DEBUG=1",
					"$(inherited)",
				);
				GCC_WARN_64_TO_32_BIT_CONVERSION = YES;
				GCC_WARN_ABOUT_RETURN_TYPE = YES_ERROR;
				GCC_WARN_UNDECLARED_SELECTOR = YES;
				GCC_WARN_UNINITIALIZED_AUTOS = YES_AGGRESSIVE;
				GCC_WARN_UNUSED_FUNCTION = YES;
				GCC_WARN_UNUSED_VARIABLE = YES;
				IPHONEOS_DEPLOYMENT_TARGET = 11.2;
				MTL_ENABLE_DEBUG_INFO = YES;
				ONLY_ACTIVE_ARCH = YES;
				SDKROOT = iphoneos;
				SWIFT_ACTIVE_COMPILATION_CONDITIONS = DEBUG;
				SWIFT_OPTIMIZATION_LEVEL = "-Onone";
			};
			name = Debug;
		};
		4112FCDE203C019300701FDF /* Release */ = {
			isa = XCBuildConfiguration;
			buildSettings = {
				ALWAYS_SEARCH_USER_PATHS = NO;
				CLANG_ANALYZER_NONNULL = YES;
				CLANG_ANALYZER_NUMBER_OBJECT_CONVERSION = YES_AGGRESSIVE;
				CLANG_CXX_LANGUAGE_STANDARD = "gnu++14";
				CLANG_CXX_LIBRARY = "libc++";
				CLANG_ENABLE_MODULES = YES;
				CLANG_ENABLE_OBJC_ARC = YES;
				CLANG_WARN_BLOCK_CAPTURE_AUTORELEASING = YES;
				CLANG_WARN_BOOL_CONVERSION = YES;
				CLANG_WARN_COMMA = YES;
				CLANG_WARN_CONSTANT_CONVERSION = YES;
				CLANG_WARN_DIRECT_OBJC_ISA_USAGE = YES_ERROR;
				CLANG_WARN_DOCUMENTATION_COMMENTS = YES;
				CLANG_WARN_EMPTY_BODY = YES;
				CLANG_WARN_ENUM_CONVERSION = YES;
				CLANG_WARN_INFINITE_RECURSION = YES;
				CLANG_WARN_INT_CONVERSION = YES;
				CLANG_WARN_NON_LITERAL_NULL_CONVERSION = YES;
				CLANG_WARN_OBJC_LITERAL_CONVERSION = YES;
				CLANG_WARN_OBJC_ROOT_CLASS = YES_ERROR;
				CLANG_WARN_RANGE_LOOP_ANALYSIS = YES;
				CLANG_WARN_STRICT_PROTOTYPES = YES;
				CLANG_WARN_SUSPICIOUS_MOVE = YES;
				CLANG_WARN_UNGUARDED_AVAILABILITY = YES_AGGRESSIVE;
				CLANG_WARN_UNREACHABLE_CODE = YES;
				CLANG_WARN__DUPLICATE_METHOD_MATCH = YES;
				CODE_SIGN_IDENTITY = "iPhone Developer";
				COPY_PHASE_STRIP = NO;
				DEBUG_INFORMATION_FORMAT = "dwarf-with-dsym";
				ENABLE_NS_ASSERTIONS = NO;
				ENABLE_STRICT_OBJC_MSGSEND = YES;
				GCC_C_LANGUAGE_STANDARD = gnu11;
				GCC_NO_COMMON_BLOCKS = YES;
				GCC_WARN_64_TO_32_BIT_CONVERSION = YES;
				GCC_WARN_ABOUT_RETURN_TYPE = YES_ERROR;
				GCC_WARN_UNDECLARED_SELECTOR = YES;
				GCC_WARN_UNINITIALIZED_AUTOS = YES_AGGRESSIVE;
				GCC_WARN_UNUSED_FUNCTION = YES;
				GCC_WARN_UNUSED_VARIABLE = YES;
				IPHONEOS_DEPLOYMENT_TARGET = 11.2;
				MTL_ENABLE_DEBUG_INFO = NO;
				SDKROOT = iphoneos;
				SWIFT_OPTIMIZATION_LEVEL = "-Owholemodule";
				VALIDATE_PRODUCT = YES;
			};
			name = Release;
		};
		4112FCE0203C019300701FDF /* Debug */ = {
			isa = XCBuildConfiguration;
			buildSettings = {
				ASSETCATALOG_COMPILER_APPICON_NAME = AppIcon;
				CODE_SIGN_STYLE = Automatic;
				DEVELOPMENT_TEAM = FABQJ9SY29;
				INFOPLIST_FILE = AllUI/Info.plist;
				LD_RUNPATH_SEARCH_PATHS = "$(inherited) @executable_path/Frameworks";
				PRODUCT_BUNDLE_IDENTIFIER = xyz.ravitripathi.AllUI;
				PRODUCT_NAME = "$(TARGET_NAME)";
				SWIFT_VERSION = 4.0;
				TARGETED_DEVICE_FAMILY = "1,2";
			};
			name = Debug;
		};
		4112FCE1203C019300701FDF /* Release */ = {
			isa = XCBuildConfiguration;
			buildSettings = {
				ASSETCATALOG_COMPILER_APPICON_NAME = AppIcon;
				CODE_SIGN_STYLE = Automatic;
				DEVELOPMENT_TEAM = FABQJ9SY29;
				INFOPLIST_FILE = AllUI/Info.plist;
				LD_RUNPATH_SEARCH_PATHS = "$(inherited) @executable_path/Frameworks";
				PRODUCT_BUNDLE_IDENTIFIER = xyz.ravitripathi.AllUI;
				PRODUCT_NAME = "$(TARGET_NAME)";
				SWIFT_VERSION = 4.0;
				TARGETED_DEVICE_FAMILY = "1,2";
			};
			name = Release;
		};
/* End XCBuildConfiguration section */

/* Begin XCConfigurationList section */
		4112FCC8203C019300701FDF /* Build configuration list for PBXProject "AllUI" */ = {
			isa = XCConfigurationList;
			buildConfigurations = (
				4112FCDD203C019300701FDF /* Debug */,
				4112FCDE203C019300701FDF /* Release */,
			);
			defaultConfigurationIsVisible = 0;
			defaultConfigurationName = Release;
		};
		4112FCDF203C019300701FDF /* Build configuration list for PBXNativeTarget "AllUI" */ = {
			isa = XCConfigurationList;
			buildConfigurations = (
				4112FCE0203C019300701FDF /* Debug */,
				4112FCE1203C019300701FDF /* Release */,
			);
			defaultConfigurationIsVisible = 0;
			defaultConfigurationName = Release;
		};
/* End XCConfigurationList section */
	};
	rootObject = 4112FCC5203C019300701FDF /* Project object */;
}
